
Microsoft Visual Studio Solution File, Format Version 12.00
# Visual Studio Version 17
VisualStudioVersion = 17.2.32516.85
MinimumVisualStudioVersion = 10.0.40219.1
Project("{FAE04EC0-301F-11D3-BF4B-00C04F79EFBC}") = "Ejercicio31AGMVVM.Android", "Ejercicio31AGMVVM.Android\Ejercicio31AGMVVM.Android.csproj", "{4B8CABAF-29CB-4A76-81FD-F2D170E78F58}"
EndProject
Project("{FAE04EC0-301F-11D3-BF4B-00C04F79EFBC}") = "Ejercicio31AGMVVM", "Ejercicio31AGMVVM\Ejercicio31AGMVVM.csproj", "{AF1500BD-345F-4091-9A92-E2038DBABCF0}"
EndProject
Global
	GlobalSection(SolutionConfigurationPlatforms) = preSolution
		Debug|Any CPU = Debug|Any CPU
		Release|Any CPU = Release|Any CPU
	EndGlobalSection
	GlobalSection(ProjectConfigurationPlatforms) = postSolution
		{4B8CABAF-29CB-4A76-81FD-F2D170E78F58}.Debug|Any CPU.ActiveCfg = Debug|Any CPU
		{4B8CABAF-29CB-4A76-81FD-F2D170E78F58}.Debug|Any CPU.Build.0 = Debug|Any CPU
		{4B8CABAF-29CB-4A76-81FD-F2D170E78F58}.Debug|Any CPU.Deploy.0 = Debug|Any CPU
		{4B8CABAF-29CB-4A76-81FD-F2D170E78F58}.Release|Any CPU.ActiveCfg = Release|Any CPU
		{4B8CABAF-29CB-4A76-81FD-F2D170E78F58}.Release|Any CPU.Build.0 = Release|Any CPU
		{4B8CABAF-29CB-4A76-81FD-F2D170E78F58}.Release|Any CPU.Deploy.0 = Release|Any CPU
		{AF1500BD-345F-4091-9A92-E2038DBABCF0}.Debug|Any CPU.ActiveCfg = Debug|Any CPU
		{AF1500BD-345F-4091-9A92-E2038DBABCF0}.Debug|Any CPU.Build.0 = Debug|Any CPU
		{AF1500BD-345F-4091-9A92-E2038DBABCF0}.Debug|Any CPU.Deploy.0 = Debug|Any CPU
		{AF1500BD-345F-4091-9A92-E2038DBABCF0}.Release|Any CPU.ActiveCfg = Release|Any CPU
		{AF1500BD-345F-4091-9A92-E2038DBABCF0}.Release|Any CPU.Build.0 = Release|Any CPU
		{AF1500BD-345F-4091-9A92-E2038DBABCF0}.Release|Any CPU.Deploy.0 = Release|Any CPU
	EndGlobalSection
	GlobalSection(SolutionProperties) = preSolution
		HideSolutionNode = FALSE
	EndGlobalSection
	GlobalSection(ExtensibilityGlobals) = postSolution
		SolutionGuid = {FBDA98C7-6283-4F1E-96BD-962B26450395}
	EndGlobalSection
EndGlobal
